<Solution>
  <Folder Name="/Solution Items/" />
  <Folder Name="/Solution/">
    <File Path=".editorconfig" />
    <File Path=".gitignore" />
    <File Path="AGENTS.md" />
    <File Path="README.md" />
  </Folder>
  <Project Path="src/AniSprinkles.csproj">
    <Deploy Solution="Debug|*" />
  </Project>
</Solution>