<Solution>
  <Folder Name="/Solution/">
    <File Path=".editorconfig" />
    <File Path=".gitattributes" />
    <File Path=".gitignore" />
    <File Path="AGENTS.md" />
    <File Path="CLAUDE.md" />
    <File Path="DEVELOPER_NOTES.md" />
    <File Path="README.md" />
  </Folder>
  <Project Path="src/AniSprinkles.csproj">
    <Deploy Solution="Debug|*" />
  </Project>
</Solution>